
Microsoft Visual Studio Solution File, Format Version 12.00
# Visual Studio Version 17
VisualStudioVersion = 17.2.32526.322
MinimumVisualStudioVersion = 10.0.40219.1
Project("{9A19103F-16F7-4668-BE54-9A1E7A4F7556}") = "GirisSayfaMVC", "SahibindenMVC\GirisSayfaMVC.csproj", "{2E0825DC-4F14-4DF3-A3A4-A8282CFD85CA}"
EndProject
Global
	GlobalSection(SolutionConfigurationPlatforms) = preSolution
		Debug|Any CPU = Debug|Any CPU
		Release|Any CPU = Release|Any CPU
	EndGlobalSection
	GlobalSection(ProjectConfigurationPlatforms) = postSolution
		{2E0825DC-4F14-4DF3-A3A4-A8282CFD85CA}.Debug|Any CPU.ActiveCfg = Debug|Any CPU
		{2E0825DC-4F14-4DF3-A3A4-A8282CFD85CA}.Debug|Any CPU.Build.0 = Debug|Any CPU
		{2E0825DC-4F14-4DF3-A3A4-A8282CFD85CA}.Release|Any CPU.ActiveCfg = Release|Any CPU
		{2E0825DC-4F14-4DF3-A3A4-A8282CFD85CA}.Release|Any CPU.Build.0 = Release|Any CPU
	EndGlobalSection
	GlobalSection(SolutionProperties) = preSolution
		HideSolutionNode = FALSE
	EndGlobalSection
	GlobalSection(ExtensibilityGlobals) = postSolution
		SolutionGuid = {C59DB92F-015A-45F2-BF16-2C18A8551B92}
	EndGlobalSection
EndGlobal
